Microsoft Visual Studio Solution File, Format Version 12.00
# Visual Studio Version 17
VisualStudioVersion = 17.5.2.0
MinimumVisualStudioVersion = 10.0.40219.1
Project("{FAE04EC0-301F-11D3-BF4B-00C04F79EFBC}") = "LibraryBack", "LibraryBack.csproj", "{12C1DC3D-EF5D-CF23-5491-B42F1F345238}"
EndProject
Global
	GlobalSection(SolutionConfigurationPlatforms) = preSolution
		Debug|Any CPU = Debug|Any CPU
		Release|Any CPU = Release|Any CPU
	EndGlobalSection
	GlobalSection(ProjectConfigurationPlatforms) = postSolution
		{12C1DC3D-EF5D-CF23-5491-B42F1F345238}.Debug|Any CPU.ActiveCfg = Debug|Any CPU
		{12C1DC3D-EF5D-CF23-5491-B42F1F345238}.Debug|Any CPU.Build.0 = Debug|Any CPU
		{12C1DC3D-EF5D-CF23-5491-B42F1F345238}.Release|Any CPU.ActiveCfg = Release|Any CPU
		{12C1DC3D-EF5D-CF23-5491-B42F1F345238}.Release|Any CPU.Build.0 = Release|Any CPU
	EndGlobalSection
	GlobalSection(SolutionProperties) = preSolution
		HideSolutionNode = FALSE
	EndGlobalSection
	GlobalSection(ExtensibilityGlobals) = postSolution
		SolutionGuid = {2F2FA3C9-90A3-42D3-9B78-4D22833EE9F9}
	EndGlobalSection
EndGlobal
